
Microsoft Visual Studio Solution File, Format Version 12.00
# Visual Studio 15
VisualStudioVersion = 15.0.26730.8
MinimumVisualStudioVersion = 10.0.40219.1
Project("{9A19103F-16F7-4668-BE54-9A1E7A4F7556}") = "ProblemOne", "ProblemOne\ProblemOne.csproj", "{1C6FC571-76B9-419B-9C9E-BF17FB7C3844}"
EndProject
Project("{9A19103F-16F7-4668-BE54-9A1E7A4F7556}") = "ProblemOne.Classes", "ProblemOne.Classes\ProblemOne.Classes.csproj", "{E3C42329-EB61-4D03-8957-F6C16F0EE239}"
EndProject
Project("{9A19103F-16F7-4668-BE54-9A1E7A4F7556}") = "ProblemOne.Tests", "ProblemOne.Tests\ProblemOne.Tests.csproj", "{F32103C0-C418-4A87-845C-FC7999FC861F}"
EndProject
Project("{2150E333-8FDC-42A3-9474-1A3956D46DE8}") = "Solution Items", "Solution Items", "{1D0D17B6-D47C-45AE-9056-24BD0FFB7DCB}"
	ProjectSection(SolutionItems) = preProject
		README.md = README.md
	EndProjectSection
EndProject
Global
	GlobalSection(SolutionConfigurationPlatforms) = preSolution
		Debug|Any CPU = Debug|Any CPU
		Release|Any CPU = Release|Any CPU
	EndGlobalSection
	GlobalSection(ProjectConfigurationPlatforms) = postSolution
		{1C6FC571-76B9-419B-9C9E-BF17FB7C3844}.Debug|Any CPU.ActiveCfg = Debug|Any CPU
		{1C6FC571-76B9-419B-9C9E-BF17FB7C3844}.Debug|Any CPU.Build.0 = Debug|Any CPU
		{1C6FC571-76B9-419B-9C9E-BF17FB7C3844}.Release|Any CPU.ActiveCfg = Release|Any CPU
		{1C6FC571-76B9-419B-9C9E-BF17FB7C3844}.Release|Any CPU.Build.0 = Release|Any CPU
		{E3C42329-EB61-4D03-8957-F6C16F0EE239}.Debug|Any CPU.ActiveCfg = Debug|Any CPU
		{E3C42329-EB61-4D03-8957-F6C16F0EE239}.Debug|Any CPU.Build.0 = Debug|Any CPU
		{E3C42329-EB61-4D03-8957-F6C16F0EE239}.Release|Any CPU.ActiveCfg = Release|Any CPU
		{E3C42329-EB61-4D03-8957-F6C16F0EE239}.Release|Any CPU.Build.0 = Release|Any CPU
		{F32103C0-C418-4A87-845C-FC7999FC861F}.Debug|Any CPU.ActiveCfg = Debug|Any CPU
		{F32103C0-C418-4A87-845C-FC7999FC861F}.Debug|Any CPU.Build.0 = Debug|Any CPU
		{F32103C0-C418-4A87-845C-FC7999FC861F}.Release|Any CPU.ActiveCfg = Release|Any CPU
		{F32103C0-C418-4A87-845C-FC7999FC861F}.Release|Any CPU.Build.0 = Release|Any CPU
	EndGlobalSection
	GlobalSection(SolutionProperties) = preSolution
		HideSolutionNode = FALSE
	EndGlobalSection
	GlobalSection(ExtensibilityGlobals) = postSolution
		SolutionGuid = {F6CF892E-DA55-49C0-AD42-03DDB5E28E2E}
	EndGlobalSection
EndGlobal
